
Microsoft Visual Studio Solution File, Format Version 12.00
# Visual Studio Version 17
VisualStudioVersion = 17.5.33424.131
MinimumVisualStudioVersion = 10.0.40219.1
Project("{FAE04EC0-301F-11D3-BF4B-00C04F79EFBC}") = "BikeWebAPI", "BikeWebAPI\BikeWebAPI.csproj", "{BC134C32-910E-42F6-8567-004EE42FA79C}"
EndProject
Global
	GlobalSection(SolutionConfigurationPlatforms) = preSolution
		Debug|Any CPU = Debug|Any CPU
		Release|Any CPU = Release|Any CPU
	EndGlobalSection
	GlobalSection(ProjectConfigurationPlatforms) = postSolution
		{BC134C32-910E-42F6-8567-004EE42FA79C}.Debug|Any CPU.ActiveCfg = Debug|Any CPU
		{BC134C32-910E-42F6-8567-004EE42FA79C}.Debug|Any CPU.Build.0 = Debug|Any CPU
		{BC134C32-910E-42F6-8567-004EE42FA79C}.Release|Any CPU.ActiveCfg = Release|Any CPU
		{BC134C32-910E-42F6-8567-004EE42FA79C}.Release|Any CPU.Build.0 = Release|Any CPU
	EndGlobalSection
	GlobalSection(SolutionProperties) = preSolution
		HideSolutionNode = FALSE
	EndGlobalSection
	GlobalSection(ExtensibilityGlobals) = postSolution
		SolutionGuid = {685613D8-3BB5-4817-972E-E55EC64C763F}
	EndGlobalSection
EndGlobal
